<?xml version="1.0" encoding="utf-8"?>
<Project ToolsVersion="4.0" xmlns="http://schemas.microsoft.com/developer/msbuild/2003">
  <ItemGroup>
    <Filter Include="Source Files">
      <UniqueIdentifier>{4FC737F1-C7A5-4376-A066-2A32D752A2FF}</UniqueIdentifier>
      <Extensions>cpp;c;cc;cxx;def;odl;idl;hpj;bat;asm;asmx</Extensions>
    </Filter>
    <Filter Include="Header Files">
      <UniqueIdentifier>{93995380-89BD-4b04-88EB-625FBE52EBFB}</UniqueIdentifier>
      <Extensions>h;hh;hpp;hxx;hm;inl;inc;ipp;xsd</Extensions>
    </Filter>
    <Filter Include="Resource Files">
      <UniqueIdentifier>{67DA6AB6-F800-4c08-8B7A-83BB121AAD01}</UniqueIdentifier>
      <Extensions>rc;ico;cur;bmp;dlg;rc2;rct;bin;rgs;gif;jpg;jpeg;jpe;resx;tiff;tif;png;wav;mfcribbon-ms</Extensions>
    </Filter>
    <Filter Include="Source Files\App">
      <UniqueIdentifier>{b819d38f-17b7-4e1f-bedf-b35a038b2648}</UniqueIdentifier>
    </Filter>
    <Filter Include="Scene">
      <UniqueIdentifier>{64fa02a3-bd15-43ae-a70e-2f8cc13a172d}</UniqueIdentifier>
    </Filter>
    <Filter Include="Scene\Base">
      <UniqueIdentifier>{f76bac71-e8ba-43ff-b0a0-4cb6c35e8267}</UniqueIdentifier>
    </Filter>
    <Filter Include="Scene\Game">
      <UniqueIdentifier>{bd29ace8-949b-4e20-87a0-978f105ad7db}</UniqueIdentifier>
    </Filter>
    <Filter Include="Scene\Robby">
      <UniqueIdentifier>{85e29f64-30f0-455e-8962-cce3b0dc8f2f}</UniqueIdentifier>
    </Filter>
    <Filter Include="Source Files\Bubble">
      <UniqueIdentifier>{000360e1-2061-4279-824d-76fa84668770}</UniqueIdentifier>
    </Filter>
    <Filter Include="Source Files\Character">
      <UniqueIdentifier>{1da65af7-3149-46ba-bc6d-2d98d3e287d4}</UniqueIdentifier>
    </Filter>
    <Filter Include="Source Files\Enemy">
      <UniqueIdentifier>{6e9ad5c8-8cb1-4f87-be63-ec0e66473f78}</UniqueIdentifier>
    </Filter>
    <Filter Include="Source Files\Life">
      <UniqueIdentifier>{225f5601-998c-4911-9029-48b431cdd617}</UniqueIdentifier>
    </Filter>
    <Filter Include="Source Files\Map">
      <UniqueIdentifier>{ff63f3ac-76ab-454c-a57a-02304881461f}</UniqueIdentifier>
    </Filter>
    <Filter Include="Source Files\Object">
      <UniqueIdentifier>{7f350b92-a806-4e2f-a4b3-00be42a19807}</UniqueIdentifier>
    </Filter>
    <Filter Include="Source Files\Room">
      <UniqueIdentifier>{ffb87fbe-5b9a-4aa8-84a0-de4a0051ccaa}</UniqueIdentifier>
    </Filter>
    <Filter Include="Scene\StandBy">
      <UniqueIdentifier>{fb9d59ad-4fe4-4355-8aee-5093c3a7f4aa}</UniqueIdentifier>
    </Filter>
    <Filter Include="PBFramework">
      <UniqueIdentifier>{2674b3aa-e1e9-4276-95c0-2ddc71ed4722}</UniqueIdentifier>
    </Filter>
    <Filter Include="PBFramework\Header">
      <UniqueIdentifier>{16de109c-ee8e-47ce-9ffe-a3a2ac0db351}</UniqueIdentifier>
    </Filter>
    <Filter Include="PBFramework\Source">
      <UniqueIdentifier>{4443e4d5-6cca-459a-90e7-585fcfd4563b}</UniqueIdentifier>
    </Filter>
  </ItemGroup>
  <ItemGroup>
    <ClCompile Include="App.cpp">
      <Filter>Source Files\App</Filter>
    </ClCompile>
    <ClCompile Include="Base.cpp">
      <Filter>Scene\Base</Filter>
    </ClCompile>
    <ClCompile Include="Game.cpp">
      <Filter>Scene\Game</Filter>
    </ClCompile>
    <ClCompile Include="Robby.cpp">
      <Filter>Scene\Robby</Filter>
    </ClCompile>
    <ClCompile Include="Bubble.cpp">
      <Filter>Source Files\Bubble</Filter>
    </ClCompile>
    <ClCompile Include="Character.cpp">
      <Filter>Source Files\Character</Filter>
    </ClCompile>
    <ClCompile Include="Enemy.cpp">
      <Filter>Source Files\Enemy</Filter>
    </ClCompile>
    <ClCompile Include="Life.cpp">
      <Filter>Source Files\Life</Filter>
    </ClCompile>
    <ClCompile Include="Map.cpp">
      <Filter>Source Files\Map</Filter>
    </ClCompile>
    <ClCompile Include="Object.cpp">
      <Filter>Source Files\Object</Filter>
    </ClCompile>
    <ClCompile Include="Room.cpp">
      <Filter>Source Files\Room</Filter>
    </ClCompile>
    <ClCompile Include="StandBy.cpp">
      <Filter>Scene\StandBy</Filter>
    </ClCompile>
    <ClCompile Include="..\PBFramework\PBAnimation.cpp">
      <Filter>PBFramework\Source</Filter>
    </ClCompile>
    <ClCompile Include="..\PBFramework\PBApplication.cpp">
      <Filter>PBFramework\Source</Filter>
    </ClCompile>
    <ClCompile Include="..\PBFramework\PBDeviceContext.cpp">
      <Filter>PBFramework\Source</Filter>
    </ClCompile>
    <ClCompile Include="..\PBFramework\PBPoint.cpp">
      <Filter>PBFramework\Source</Filter>
    </ClCompile>
    <ClCompile Include="..\PBFramework\PBRect.cpp">
      <Filter>PBFramework\Source</Filter>
    </ClCompile>
    <ClCompile Include="..\PBFramework\PBScene.cpp">
      <Filter>PBFramework\Source</Filter>
    </ClCompile>
    <ClCompile Include="..\PBFramework\PBSocket.cpp">
      <Filter>PBFramework\Source</Filter>
    </ClCompile>
    <ClCompile Include="..\PBFramework\PBSound.cpp">
      <Filter>PBFramework\Source</Filter>
    </ClCompile>
    <ClCompile Include="..\PBFramework\PBSprite.cpp">
      <Filter>PBFramework\Source</Filter>
    </ClCompile>
    <ClCompile Include="..\PBFramework\PBThread.cpp">
      <Filter>PBFramework\Source</Filter>
    </ClCompile>
    <ClCompile Include="..\PBFramework\PBWindow.cpp">
      <Filter>PBFramework\Source</Filter>
    </ClCompile>
  </ItemGroup>
  <ItemGroup>
    <ClInclude Include="resource.h">
      <Filter>Resource Files</Filter>
    </ClInclude>
    <ClInclude Include="App.h">
      <Filter>Source Files\App</Filter>
    </ClInclude>
    <ClInclude Include="Base.h">
      <Filter>Scene\Base</Filter>
    </ClInclude>
    <ClInclude Include="Game.h">
      <Filter>Scene\Game</Filter>
    </ClInclude>
    <ClInclude Include="Robby.h">
      <Filter>Scene\Robby</Filter>
    </ClInclude>
    <ClInclude Include="Bubble.h">
      <Filter>Source Files\Bubble</Filter>
    </ClInclude>
    <ClInclude Include="Character.h">
      <Filter>Source Files\Character</Filter>
    </ClInclude>
    <ClInclude Include="Enemy.h">
      <Filter>Source Files\Enemy</Filter>
    </ClInclude>
    <ClInclude Include="Life.h">
      <Filter>Source Files\Life</Filter>
    </ClInclude>
    <ClInclude Include="Map.h">
      <Filter>Source Files\Map</Filter>
    </ClInclude>
    <ClInclude Include="Object.h">
      <Filter>Source Files\Object</Filter>
    </ClInclude>
    <ClInclude Include="Room.h">
      <Filter>Source Files\Room</Filter>
    </ClInclude>
    <ClInclude Include="StandBy.h">
      <Filter>Scene\StandBy</Filter>
    </ClInclude>
    <ClInclude Include="..\PBFramework\PBSprite.h">
      <Filter>PBFramework\Header</Filter>
    </ClInclude>
    <ClInclude Include="..\PBFramework\PBSound.h">
      <Filter>PBFramework\Header</Filter>
    </ClInclude>
    <ClInclude Include="..\PBFramework\PBApplication.h">
      <Filter>PBFramework\Header</Filter>
    </ClInclude>
    <ClInclude Include="..\PBFramework\PBAnimation.h">
      <Filter>PBFramework\Header</Filter>
    </ClInclude>
    <ClInclude Include="..\PBFramework\PBDeviceContext.h">
      <Filter>PBFramework\Header</Filter>
    </ClInclude>
    <ClInclude Include="..\PBFramework\PBSocket.h">
      <Filter>PBFramework\Header</Filter>
    </ClInclude>
    <ClInclude Include="..\PBFramework\PBThread.h">
      <Filter>PBFramework\Header</Filter>
    </ClInclude>
    <ClInclude Include="..\PBFramework\PBScene.h">
      <Filter>PBFramework\Header</Filter>
    </ClInclude>
    <ClInclude Include="..\PBFramework\PBRect.h">
      <Filter>PBFramework\Header</Filter>
    </ClInclude>
    <ClInclude Include="..\PBFramework\PBPoint.h">
      <Filter>PBFramework\Header</Filter>
    </ClInclude>
    <ClInclude Include="..\PBFramework\PBObject.h">
      <Filter>PBFramework\Header</Filter>
    </ClInclude>
    <ClInclude Include="..\PBFramework\PBWindow.h">
      <Filter>PBFramework\Header</Filter>
    </ClInclude>
    <ClInclude Include="config.h">
      <Filter>Header Files</Filter>
    </ClInclude>
    <ClInclude Include="..\PBFramework\PBLeak.h">
      <Filter>PBFramework\Header</Filter>
    </ClInclude>
  </ItemGroup>
  <ItemGroup>
    <ResourceCompile Include="PBGameClient.rc">
      <Filter>Resource Files</Filter>
    </ResourceCompile>
  </ItemGroup>
</Project>