
Microsoft Visual Studio Solution File, Format Version 12.00
# Visual Studio 15
VisualStudioVersion = 15.0.28307.421
MinimumVisualStudioVersion = 10.0.40219.1
Project("{8BC9CEB8-8B4A-11D0-8D11-00A0C91BC942}") = "Server", "Server\Server.vcxproj", "{3EAE9BD3-D44F-4036-B8B5-AD4BCA364ACC}"
EndProject
Project("{8BC9CEB8-8B4A-11D0-8D11-00A0C91BC942}") = "Client", "Client\Client.vcxproj", "{F7A4767D-E453-4449-97BD-914EDEBCB5E8}"
EndProject
Project("{8BC9CEB8-8B4A-11D0-8D11-00A0C91BC942}") = "PBFramework", "PBFramework\PBFramework.vcxproj", "{57918B01-6E0B-4B6D-A707-7E3DB82FBDE1}"
EndProject
Project("{2150E333-8FDC-42A3-9474-1A3956D46DE8}") = "Game", "Game", "{8D7A8BCE-8641-4791-82DE-95CAE9084E28}"
EndProject
Project("{2150E333-8FDC-42A3-9474-1A3956D46DE8}") = "Framework", "Framework", "{FD31495B-7990-40CC-9550-E51291FA5033}"
EndProject
Project("{2150E333-8FDC-42A3-9474-1A3956D46DE8}") = "Tools", "Tools", "{35905C3D-B6C3-4DD7-B59F-BAEDC1F5A4EC}"
EndProject
Project("{FAE04EC0-301F-11D3-BF4B-00C04F79EFBC}") = "Map Editor", "Map Editor\Map Editor.csproj", "{28AF1DD9-98E2-45CB-A5E3-50E5C586F242}"
EndProject
Project("{FAE04EC0-301F-11D3-BF4B-00C04F79EFBC}") = "Sprite Editor", "Sprite Editor\Sprite Editor.csproj", "{50D833A6-B869-4A5F-A438-04B8D37ECBE6}"
EndProject
Project("{FAE04EC0-301F-11D3-BF4B-00C04F79EFBC}") = "Animation Editor", "Animation Editor\Animation Editor.csproj", "{E74A5D06-1D00-4948-A2E5-E50869020608}"
EndProject
Global
	GlobalSection(SolutionConfigurationPlatforms) = preSolution
		Debug|Any CPU = Debug|Any CPU
		Debug|x64 = Debug|x64
		Debug|x86 = Debug|x86
		Release|Any CPU = Release|Any CPU
		Release|x64 = Release|x64
		Release|x86 = Release|x86
	EndGlobalSection
	GlobalSection(ProjectConfigurationPlatforms) = postSolution
		{3EAE9BD3-D44F-4036-B8B5-AD4BCA364ACC}.Debug|Any CPU.ActiveCfg = Debug|Win32
		{3EAE9BD3-D44F-4036-B8B5-AD4BCA364ACC}.Debug|x64.ActiveCfg = Debug|x64
		{3EAE9BD3-D44F-4036-B8B5-AD4BCA364ACC}.Debug|x64.Build.0 = Debug|x64
		{3EAE9BD3-D44F-4036-B8B5-AD4BCA364ACC}.Debug|x86.ActiveCfg = Debug|Win32
		{3EAE9BD3-D44F-4036-B8B5-AD4BCA364ACC}.Debug|x86.Build.0 = Debug|Win32
		{3EAE9BD3-D44F-4036-B8B5-AD4BCA364ACC}.Release|Any CPU.ActiveCfg = Release|Win32
		{3EAE9BD3-D44F-4036-B8B5-AD4BCA364ACC}.Release|x64.ActiveCfg = Release|x64
		{3EAE9BD3-D44F-4036-B8B5-AD4BCA364ACC}.Release|x64.Build.0 = Release|x64
		{3EAE9BD3-D44F-4036-B8B5-AD4BCA364ACC}.Release|x86.ActiveCfg = Release|Win32
		{3EAE9BD3-D44F-4036-B8B5-AD4BCA364ACC}.Release|x86.Build.0 = Release|Win32
		{F7A4767D-E453-4449-97BD-914EDEBCB5E8}.Debug|Any CPU.ActiveCfg = Debug|Win32
		{F7A4767D-E453-4449-97BD-914EDEBCB5E8}.Debug|x64.ActiveCfg = Debug|x64
		{F7A4767D-E453-4449-97BD-914EDEBCB5E8}.Debug|x64.Build.0 = Debug|x64
		{F7A4767D-E453-4449-97BD-914EDEBCB5E8}.Debug|x86.ActiveCfg = Debug|Win32
		{F7A4767D-E453-4449-97BD-914EDEBCB5E8}.Debug|x86.Build.0 = Debug|Win32
		{F7A4767D-E453-4449-97BD-914EDEBCB5E8}.Release|Any CPU.ActiveCfg = Release|Win32
		{F7A4767D-E453-4449-97BD-914EDEBCB5E8}.Release|x64.ActiveCfg = Release|x64
		{F7A4767D-E453-4449-97BD-914EDEBCB5E8}.Release|x64.Build.0 = Release|x64
		{F7A4767D-E453-4449-97BD-914EDEBCB5E8}.Release|x86.ActiveCfg = Release|Win32
		{F7A4767D-E453-4449-97BD-914EDEBCB5E8}.Release|x86.Build.0 = Release|Win32
		{57918B01-6E0B-4B6D-A707-7E3DB82FBDE1}.Debug|Any CPU.ActiveCfg = Debug|Win32
		{57918B01-6E0B-4B6D-A707-7E3DB82FBDE1}.Debug|x64.ActiveCfg = Debug|x64
		{57918B01-6E0B-4B6D-A707-7E3DB82FBDE1}.Debug|x64.Build.0 = Debug|x64
		{57918B01-6E0B-4B6D-A707-7E3DB82FBDE1}.Debug|x86.ActiveCfg = Debug|Win32
		{57918B01-6E0B-4B6D-A707-7E3DB82FBDE1}.Debug|x86.Build.0 = Debug|Win32
		{57918B01-6E0B-4B6D-A707-7E3DB82FBDE1}.Release|Any CPU.ActiveCfg = Release|Win32
		{57918B01-6E0B-4B6D-A707-7E3DB82FBDE1}.Release|x64.ActiveCfg = Release|x64
		{57918B01-6E0B-4B6D-A707-7E3DB82FBDE1}.Release|x64.Build.0 = Release|x64
		{57918B01-6E0B-4B6D-A707-7E3DB82FBDE1}.Release|x86.ActiveCfg = Release|Win32
		{57918B01-6E0B-4B6D-A707-7E3DB82FBDE1}.Release|x86.Build.0 = Release|Win32
		{28AF1DD9-98E2-45CB-A5E3-50E5C586F242}.Debug|Any CPU.ActiveCfg = Debug|Any CPU
		{28AF1DD9-98E2-45CB-A5E3-50E5C586F242}.Debug|Any CPU.Build.0 = Debug|Any CPU
		{28AF1DD9-98E2-45CB-A5E3-50E5C586F242}.Debug|x64.ActiveCfg = Debug|Any CPU
		{28AF1DD9-98E2-45CB-A5E3-50E5C586F242}.Debug|x64.Build.0 = Debug|Any CPU
		{28AF1DD9-98E2-45CB-A5E3-50E5C586F242}.Debug|x86.ActiveCfg = Debug|Any CPU
		{28AF1DD9-98E2-45CB-A5E3-50E5C586F242}.Debug|x86.Build.0 = Debug|Any CPU
		{28AF1DD9-98E2-45CB-A5E3-50E5C586F242}.Release|Any CPU.ActiveCfg = Release|Any CPU
		{28AF1DD9-98E2-45CB-A5E3-50E5C586F242}.Release|Any CPU.Build.0 = Release|Any CPU
		{28AF1DD9-98E2-45CB-A5E3-50E5C586F242}.Release|x64.ActiveCfg = Release|Any CPU
		{28AF1DD9-98E2-45CB-A5E3-50E5C586F242}.Release|x64.Build.0 = Release|Any CPU
		{28AF1DD9-98E2-45CB-A5E3-50E5C586F242}.Release|x86.ActiveCfg = Release|Any CPU
		{28AF1DD9-98E2-45CB-A5E3-50E5C586F242}.Release|x86.Build.0 = Release|Any CPU
		{50D833A6-B869-4A5F-A438-04B8D37ECBE6}.Debug|Any CPU.ActiveCfg = Debug|Any CPU
		{50D833A6-B869-4A5F-A438-04B8D37ECBE6}.Debug|Any CPU.Build.0 = Debug|Any CPU
		{50D833A6-B869-4A5F-A438-04B8D37ECBE6}.Debug|x64.ActiveCfg = Debug|Any CPU
		{50D833A6-B869-4A5F-A438-04B8D37ECBE6}.Debug|x64.Build.0 = Debug|Any CPU
		{50D833A6-B869-4A5F-A438-04B8D37ECBE6}.Debug|x86.ActiveCfg = Debug|Any CPU
		{50D833A6-B869-4A5F-A438-04B8D37ECBE6}.Debug|x86.Build.0 = Debug|Any CPU
		{50D833A6-B869-4A5F-A438-04B8D37ECBE6}.Release|Any CPU.ActiveCfg = Release|Any CPU
		{50D833A6-B869-4A5F-A438-04B8D37ECBE6}.Release|Any CPU.Build.0 = Release|Any CPU
		{50D833A6-B869-4A5F-A438-04B8D37ECBE6}.Release|x64.ActiveCfg = Release|Any CPU
		{50D833A6-B869-4A5F-A438-04B8D37ECBE6}.Release|x64.Build.0 = Release|Any CPU
		{50D833A6-B869-4A5F-A438-04B8D37ECBE6}.Release|x86.ActiveCfg = Release|Any CPU
		{50D833A6-B869-4A5F-A438-04B8D37ECBE6}.Release|x86.Build.0 = Release|Any CPU
		{E74A5D06-1D00-4948-A2E5-E50869020608}.Debug|Any CPU.ActiveCfg = Debug|Any CPU
		{E74A5D06-1D00-4948-A2E5-E50869020608}.Debug|Any CPU.Build.0 = Debug|Any CPU
		{E74A5D06-1D00-4948-A2E5-E50869020608}.Debug|x64.ActiveCfg = Debug|Any CPU
		{E74A5D06-1D00-4948-A2E5-E50869020608}.Debug|x64.Build.0 = Debug|Any CPU
		{E74A5D06-1D00-4948-A2E5-E50869020608}.Debug|x86.ActiveCfg = Debug|Any CPU
		{E74A5D06-1D00-4948-A2E5-E50869020608}.Debug|x86.Build.0 = Debug|Any CPU
		{E74A5D06-1D00-4948-A2E5-E50869020608}.Release|Any CPU.ActiveCfg = Release|Any CPU
		{E74A5D06-1D00-4948-A2E5-E50869020608}.Release|Any CPU.Build.0 = Release|Any CPU
		{E74A5D06-1D00-4948-A2E5-E50869020608}.Release|x64.ActiveCfg = Release|Any CPU
		{E74A5D06-1D00-4948-A2E5-E50869020608}.Release|x64.Build.0 = Release|Any CPU
		{E74A5D06-1D00-4948-A2E5-E50869020608}.Release|x86.ActiveCfg = Release|Any CPU
		{E74A5D06-1D00-4948-A2E5-E50869020608}.Release|x86.Build.0 = Release|Any CPU
	EndGlobalSection
	GlobalSection(SolutionProperties) = preSolution
		HideSolutionNode = FALSE
	EndGlobalSection
	GlobalSection(NestedProjects) = preSolution
		{3EAE9BD3-D44F-4036-B8B5-AD4BCA364ACC} = {8D7A8BCE-8641-4791-82DE-95CAE9084E28}
		{F7A4767D-E453-4449-97BD-914EDEBCB5E8} = {8D7A8BCE-8641-4791-82DE-95CAE9084E28}
		{57918B01-6E0B-4B6D-A707-7E3DB82FBDE1} = {FD31495B-7990-40CC-9550-E51291FA5033}
		{28AF1DD9-98E2-45CB-A5E3-50E5C586F242} = {35905C3D-B6C3-4DD7-B59F-BAEDC1F5A4EC}
		{50D833A6-B869-4A5F-A438-04B8D37ECBE6} = {35905C3D-B6C3-4DD7-B59F-BAEDC1F5A4EC}
		{E74A5D06-1D00-4948-A2E5-E50869020608} = {35905C3D-B6C3-4DD7-B59F-BAEDC1F5A4EC}
	EndGlobalSection
	GlobalSection(ExtensibilityGlobals) = postSolution
		SolutionGuid = {D00F9FE6-7293-401F-A837-C8BABE54E1F1}
	EndGlobalSection
EndGlobal
