<?xml version="1.0" encoding="utf-8"?>
<Project ToolsVersion="4.0" xmlns="http://schemas.microsoft.com/developer/msbuild/2003">
  <ItemGroup>
    <Filter Include="Source Files">
      <UniqueIdentifier>{4FC737F1-C7A5-4376-A066-2A32D752A2FF}</UniqueIdentifier>
      <Extensions>cpp;c;cc;cxx;def;odl;idl;hpj;bat;asm;asmx</Extensions>
    </Filter>
    <Filter Include="Header Files">
      <UniqueIdentifier>{93995380-89BD-4b04-88EB-625FBE52EBFB}</UniqueIdentifier>
      <Extensions>h;hh;hpp;hxx;hm;inl;inc;ipp;xsd</Extensions>
    </Filter>
    <Filter Include="Resource Files">
      <UniqueIdentifier>{67DA6AB6-F800-4c08-8B7A-83BB121AAD01}</UniqueIdentifier>
      <Extensions>rc;ico;cur;bmp;dlg;rc2;rct;bin;rgs;gif;jpg;jpeg;jpe;resx;tiff;tif;png;wav;mfcribbon-ms</Extensions>
    </Filter>
  </ItemGroup>
  <ItemGroup>
    <ClCompile Include="PBAnimation.cpp">
      <Filter>Source Files</Filter>
    </ClCompile>
    <ClCompile Include="PBApplication.cpp">
      <Filter>Source Files</Filter>
    </ClCompile>
    <ClCompile Include="PBDeviceContext.cpp">
      <Filter>Source Files</Filter>
    </ClCompile>
    <ClCompile Include="PBPoint.cpp">
      <Filter>Source Files</Filter>
    </ClCompile>
    <ClCompile Include="PBRect.cpp">
      <Filter>Source Files</Filter>
    </ClCompile>
    <ClCompile Include="PBScene.cpp">
      <Filter>Source Files</Filter>
    </ClCompile>
    <ClCompile Include="PBSocket.cpp">
      <Filter>Source Files</Filter>
    </ClCompile>
    <ClCompile Include="PBSprite.cpp">
      <Filter>Source Files</Filter>
    </ClCompile>
    <ClCompile Include="PBThread.cpp">
      <Filter>Source Files</Filter>
    </ClCompile>
    <ClCompile Include="PBSound.cpp">
      <Filter>Source Files</Filter>
    </ClCompile>
    <ClCompile Include="PBWindow.cpp">
      <Filter>Source Files</Filter>
    </ClCompile>
  </ItemGroup>
  <ItemGroup>
    <ClInclude Include="PBAnimation.h">
      <Filter>Source Files</Filter>
    </ClInclude>
    <ClInclude Include="PBApplication.h">
      <Filter>Source Files</Filter>
    </ClInclude>
    <ClInclude Include="PBDeviceContext.h">
      <Filter>Source Files</Filter>
    </ClInclude>
    <ClInclude Include="PBObject.h">
      <Filter>Source Files</Filter>
    </ClInclude>
    <ClInclude Include="PBPoint.h">
      <Filter>Source Files</Filter>
    </ClInclude>
    <ClInclude Include="PBRect.h">
      <Filter>Source Files</Filter>
    </ClInclude>
    <ClInclude Include="PBScene.h">
      <Filter>Source Files</Filter>
    </ClInclude>
    <ClInclude Include="PBSprite.h">
      <Filter>Source Files</Filter>
    </ClInclude>
    <ClInclude Include="PBThread.h">
      <Filter>Source Files</Filter>
    </ClInclude>
    <ClInclude Include="PBSocket.h">
      <Filter>Source Files</Filter>
    </ClInclude>
    <ClInclude Include="PBSound.h">
      <Filter>Source Files</Filter>
    </ClInclude>
    <ClInclude Include="PBLeak.h">
      <Filter>Source Files</Filter>
    </ClInclude>
    <ClInclude Include="PBWindow.h">
      <Filter>Source Files</Filter>
    </ClInclude>
  </ItemGroup>
</Project>